<Project xmlns="http://schemas.microsoft.com/developer/msbuild/2003">
    <PropertyGroup>
        <ProjectGuid>{D894A190-1999-4E07-BA04-AACAF6E7AE8F}</ProjectGuid>
        <MainSource>HistoryToDBSync.dpr</MainSource>
        <Base>True</Base>
        <Config Condition="'$(Config)'==''">Release</Config>
        <AppType>Application</AppType>
        <FrameworkType>VCL</FrameworkType>
        <DCC_DCCCompiler>DCC32</DCC_DCCCompiler>
        <ProjectVersion>15.4</ProjectVersion>
        <Platform Condition="'$(Platform)'==''">Win32</Platform>
        <TargetedPlatforms>3</TargetedPlatforms>
    </PropertyGroup>
    <PropertyGroup Condition="'$(Config)'=='Base' or '$(Base)'!=''">
        <Base>true</Base>
    </PropertyGroup>
    <PropertyGroup Condition="('$(Platform)'=='Win32' and '$(Base)'=='true') or '$(Base_Win32)'!=''">
        <Base_Win32>true</Base_Win32>
        <CfgParent>Base</CfgParent>
        <Base>true</Base>
    </PropertyGroup>
    <PropertyGroup Condition="('$(Platform)'=='Win64' and '$(Base)'=='true') or '$(Base_Win64)'!=''">
        <Base_Win64>true</Base_Win64>
        <CfgParent>Base</CfgParent>
        <Base>true</Base>
    </PropertyGroup>
    <PropertyGroup Condition="'$(Config)'=='Release' or '$(Cfg_1)'!=''">
        <Cfg_1>true</Cfg_1>
        <CfgParent>Base</CfgParent>
        <Base>true</Base>
    </PropertyGroup>
    <PropertyGroup Condition="('$(Platform)'=='Win32' and '$(Cfg_1)'=='true') or '$(Cfg_1_Win32)'!=''">
        <Cfg_1_Win32>true</Cfg_1_Win32>
        <CfgParent>Cfg_1</CfgParent>
        <Cfg_1>true</Cfg_1>
        <Base>true</Base>
    </PropertyGroup>
    <PropertyGroup Condition="('$(Platform)'=='Win64' and '$(Cfg_1)'=='true') or '$(Cfg_1_Win64)'!=''">
        <Cfg_1_Win64>true</Cfg_1_Win64>
        <CfgParent>Cfg_1</CfgParent>
        <Cfg_1>true</Cfg_1>
        <Base>true</Base>
    </PropertyGroup>
    <PropertyGroup Condition="'$(Config)'=='Debug' or '$(Cfg_2)'!=''">
        <Cfg_2>true</Cfg_2>
        <CfgParent>Base</CfgParent>
        <Base>true</Base>
    </PropertyGroup>
    <PropertyGroup Condition="('$(Platform)'=='Win32' and '$(Cfg_2)'=='true') or '$(Cfg_2_Win32)'!=''">
        <Cfg_2_Win32>true</Cfg_2_Win32>
        <CfgParent>Cfg_2</CfgParent>
        <Cfg_2>true</Cfg_2>
        <Base>true</Base>
    </PropertyGroup>
    <PropertyGroup Condition="'$(Base)'!=''">
        <SanitizedProjectName>HistoryToDBSync</SanitizedProjectName>
        <VerInfo_AutoGenVersion>true</VerInfo_AutoGenVersion>
        <DCC_Namespace>Vcl;Vcl.Imaging;Vcl.Touch;Vcl.Samples;Vcl.Shell;System;Xml;Data;Datasnap;Web;Soap;Winapi;$(DCC_Namespace)</DCC_Namespace>
        <VerInfo_IncludeVerInfo>true</VerInfo_IncludeVerInfo>
        <VerInfo_Locale>1049</VerInfo_Locale>
        <VerInfo_Build>13</VerInfo_Build>
        <VerInfo_Keys>CompanyName=http://www.im-history.ru;FileDescription=HistoryToDBSync;FileVersion=2.4.0.13;InternalName=HistoryToDBSync;LegalCopyright=Michael Grigorev;LegalTrademarks=http://www.im-history.ru;OriginalFilename=HistoryToDBSync.exe;ProductName=HistoryToDBSync;ProductVersion=2.4.0.0;Comments=http://www.im-history.ru</VerInfo_Keys>
        <VerInfo_MajorVer>2</VerInfo_MajorVer>
        <VerInfo_MinorVer>4</VerInfo_MinorVer>
        <DCC_E>false</DCC_E>
        <DCC_ImageBase>00400000</DCC_ImageBase>
        <DCC_F>false</DCC_F>
        <DCC_S>false</DCC_S>
        <DCC_N>false</DCC_N>
        <DCC_K>false</DCC_K>
    </PropertyGroup>
    <PropertyGroup Condition="'$(Base_Win32)'!=''">
        <VerInfo_IncludeVerInfo>true</VerInfo_IncludeVerInfo>
        <Manifest_File>$(BDS)\bin\default_app.manifest</Manifest_File>
        <Debugger_LoadAllSymbols>false</Debugger_LoadAllSymbols>
        <VerInfo_Keys>CompanyName=;FileDescription=;FileVersion=1.0.0.0;InternalName=;LegalCopyright=;LegalTrademarks=;OriginalFilename=;ProductName=;ProductVersion=1.0.0.0;Comments=</VerInfo_Keys>
        <DCC_Namespace>System.Win;Data.Win;Datasnap.Win;Web.Win;Soap.Win;Xml.Win;Bde;$(DCC_Namespace)</DCC_Namespace>
        <VerInfo_Locale>1033</VerInfo_Locale>
    </PropertyGroup>
    <PropertyGroup Condition="'$(Base_Win64)'!=''">
        <VerInfo_Locale>1033</VerInfo_Locale>
        <Manifest_File>$(BDS)\bin\default_app.manifest</Manifest_File>
        <VerInfo_Keys>CompanyName=;FileDescription=;FileVersion=1.0.0.0;InternalName=;LegalCopyright=;LegalTrademarks=;OriginalFilename=;ProductName=;ProductVersion=1.0.0.0;Comments=</VerInfo_Keys>
        <DCC_Namespace>System.Win;Data.Win;Datasnap.Win;Web.Win;Soap.Win;Xml.Win;$(DCC_Namespace)</DCC_Namespace>
    </PropertyGroup>
    <PropertyGroup Condition="'$(Cfg_1)'!=''">
        <DCC_MapFile>3</DCC_MapFile>
        <DCC_IOChecking>false</DCC_IOChecking>
        <DCC_AssertionsAtRuntime>false</DCC_AssertionsAtRuntime>
        <DCC_LocalDebugSymbols>false</DCC_LocalDebugSymbols>
        <DCC_Define>RELEASE;$(DCC_Define)</DCC_Define>
        <DCC_SymbolReferenceInfo>0</DCC_SymbolReferenceInfo>
    </PropertyGroup>
    <PropertyGroup Condition="'$(Cfg_1_Win32)'!=''">
        <VerInfo_AutoGenVersion>false</VerInfo_AutoGenVersion>
        <VerInfo_AutoIncVersion>true</VerInfo_AutoIncVersion>
        <VerInfo_MinorVer>6</VerInfo_MinorVer>
        <DCC_LocalDebugSymbols>true</DCC_LocalDebugSymbols>
        <VerInfo_Locale>1033</VerInfo_Locale>
        <DCC_ExeOutput>.\$(Platform)\$(Config)</DCC_ExeOutput>
        <DCC_DcuOutput>.\$(Platform)\$(Config)</DCC_DcuOutput>
        <VerInfo_Keys>CompanyName=http://www.im-history.ru;FileDescription=HistoryToDBSync;FileVersion=2.6.0.0;InternalName=HistoryToDBSync;LegalCopyright=Michael Grigorev;LegalTrademarks=http://www.im-history.ru;OriginalFilename=HistoryToDBSync.exe;ProductName=HistoryToDBSync;ProductVersion=2.6.0.0;Comments=http://www.im-history.ru</VerInfo_Keys>
        <VerInfo_Build>0</VerInfo_Build>
        <Icon_MainIcon>HistoryToDBSync_Icon.ico</Icon_MainIcon>
    </PropertyGroup>
    <PropertyGroup Condition="'$(Cfg_1_Win64)'!=''">
        <VerInfo_AutoGenVersion>false</VerInfo_AutoGenVersion>
        <VerInfo_AutoIncVersion>true</VerInfo_AutoIncVersion>
        <VerInfo_MinorVer>6</VerInfo_MinorVer>
        <DCC_LocalDebugSymbols>true</DCC_LocalDebugSymbols>
        <DCC_Define>madExcept;$(DCC_Define)</DCC_Define>
        <VerInfo_Locale>1033</VerInfo_Locale>
        <DCC_DcuOutput>.\$(Platform)\$(Config)</DCC_DcuOutput>
        <DCC_ExeOutput>.\$(Platform)\$(Config)</DCC_ExeOutput>
        <VerInfo_Keys>CompanyName=http://www.im-history.ru;FileDescription=HistoryToDBSync;FileVersion=2.6.0.0;InternalName=HistoryToDBSync;LegalCopyright=Michael Grigorev;LegalTrademarks=http://www.im-history.ru;OriginalFilename=HistoryToDBSync.exe;ProductName=HistoryToDBSync;ProductVersion=2.6.0.0;Comments=http://www.im-history.ru</VerInfo_Keys>
        <VerInfo_Build>0</VerInfo_Build>
        <Icon_MainIcon>HistoryToDBSync_Icon.ico</Icon_MainIcon>
    </PropertyGroup>
    <PropertyGroup Condition="'$(Cfg_2)'!=''">
        <DCC_DebugDCUs>true</DCC_DebugDCUs>
        <DCC_RangeChecking>true</DCC_RangeChecking>
        <DCC_IntegerOverflowCheck>true</DCC_IntegerOverflowCheck>
        <DCC_DebugInfoInExe>true</DCC_DebugInfoInExe>
        <DCC_Define>DEBUG;$(DCC_Define)</DCC_Define>
        <DCC_Optimize>false</DCC_Optimize>
    </PropertyGroup>
    <PropertyGroup Condition="'$(Cfg_2_Win32)'!=''">
        <Debugger_RunParams>&quot;C:\Program Files\QIP 2012\Plugins\QIPHistoryToDB\&quot; &quot;C:\Documents and Settings\Grigorev_MM\Application Data\QIP\Profiles\sleuthhound@qip.ru\Plugins\QIPHistoryToDB\&quot;</Debugger_RunParams>
        <DCC_MapFile>3</DCC_MapFile>
        <DCC_DebugInformation>true</DCC_DebugInformation>
        <DCC_DcuOutput>.\$(Platform)\$(Config)</DCC_DcuOutput>
        <DCC_ExeOutput>.\$(Platform)\$(Config)</DCC_ExeOutput>
        <VerInfo_Build>0</VerInfo_Build>
        <VerInfo_MinorVer>0</VerInfo_MinorVer>
        <VerInfo_Keys>CompanyName=;FileDescription=;FileVersion=1.0.0.0;InternalName=;LegalCopyright=;LegalTrademarks=;OriginalFilename=;ProductName=;ProductVersion=1.0.0.0;Comments=</VerInfo_Keys>
        <VerInfo_Locale>1033</VerInfo_Locale>
        <Debugger_CWD>&quot;C:\Program Files\QIP 2012\Plugins\QIPHistoryToDB\&quot;</Debugger_CWD>
        <DCC_Define>madExcept;$(DCC_Define)</DCC_Define>
        <VerInfo_MajorVer>1</VerInfo_MajorVer>
    </PropertyGroup>
    <ItemGroup>
        <DelphiCompile Include="$(MainSource)">
            <MainSource>MainSource</MainSource>
        </DelphiCompile>
        <DCCReference Include="Main.pas">
            <Form>MainSyncForm</Form>
        </DCCReference>
        <DCCReference Include="Global.pas"/>
        <DCCReference Include="About.pas">
            <Form>AboutForm</Form>
        </DCCReference>
        <DCCReference Include="Log.pas">
            <Form>LogForm</Form>
        </DCCReference>
        <DCCReference Include="KeyPasswd.pas">
            <Form>KeyPasswdForm</Form>
        </DCCReference>
        <DCCReference Include="MapStream.pas"/>
        <BuildConfiguration Include="Debug">
            <Key>Cfg_2</Key>
            <CfgParent>Base</CfgParent>
        </BuildConfiguration>
        <BuildConfiguration Include="Base">
            <Key>Base</Key>
        </BuildConfiguration>
        <BuildConfiguration Include="Release">
            <Key>Cfg_1</Key>
            <CfgParent>Base</CfgParent>
        </BuildConfiguration>
    </ItemGroup>
    <Import Project="$(BDS)\Bin\CodeGear.Delphi.Targets" Condition="Exists('$(BDS)\Bin\CodeGear.Delphi.Targets')"/>
    <Import Project="$(APPDATA)\Embarcadero\$(BDSAPPDATABASEDIR)\$(PRODUCTVERSION)\UserTools.proj" Condition="Exists('$(APPDATA)\Embarcadero\$(BDSAPPDATABASEDIR)\$(PRODUCTVERSION)\UserTools.proj')"/>
    <ProjectExtensions>
        <Borland.Personality>Delphi.Personality.12</Borland.Personality>
        <Borland.ProjectType>VCLApplication</Borland.ProjectType>
        <BorlandProject>
            <Delphi.Personality>
                <Source>
                    <Source Name="MainSource">HistoryToDBSync.dpr</Source>
                </Source>
                <VersionInfo>
                    <VersionInfo Name="IncludeVerInfo">True</VersionInfo>
                    <VersionInfo Name="AutoIncBuild">True</VersionInfo>
                    <VersionInfo Name="MajorVer">2</VersionInfo>
                    <VersionInfo Name="MinorVer">4</VersionInfo>
                    <VersionInfo Name="Release">0</VersionInfo>
                    <VersionInfo Name="Build">20</VersionInfo>
                    <VersionInfo Name="Debug">False</VersionInfo>
                    <VersionInfo Name="PreRelease">False</VersionInfo>
                    <VersionInfo Name="Special">False</VersionInfo>
                    <VersionInfo Name="Private">False</VersionInfo>
                    <VersionInfo Name="DLL">False</VersionInfo>
                    <VersionInfo Name="Locale">1049</VersionInfo>
                    <VersionInfo Name="CodePage">1251</VersionInfo>
                </VersionInfo>
                <VersionInfoKeys>
                    <VersionInfoKeys Name="CompanyName">http://www.im-history.ru</VersionInfoKeys>
                    <VersionInfoKeys Name="FileDescription">HistoryToDBSync</VersionInfoKeys>
                    <VersionInfoKeys Name="FileVersion">2.4.0.20</VersionInfoKeys>
                    <VersionInfoKeys Name="InternalName">HistoryToDBSync</VersionInfoKeys>
                    <VersionInfoKeys Name="LegalCopyright">Michael Grigorev</VersionInfoKeys>
                    <VersionInfoKeys Name="LegalTrademarks">http://www.im-history.ru</VersionInfoKeys>
                    <VersionInfoKeys Name="OriginalFilename">HistoryToDBSync.exe</VersionInfoKeys>
                    <VersionInfoKeys Name="ProductName">HistoryToDBSync</VersionInfoKeys>
                    <VersionInfoKeys Name="ProductVersion">2.4.0.0</VersionInfoKeys>
                    <VersionInfoKeys Name="Comments">http://www.im-history.ru</VersionInfoKeys>
                </VersionInfoKeys>
                <Parameters>
                    <Parameters Name="LoadAllSymbols">False</Parameters>
                </Parameters>
                <Excluded_Packages>
                    <Excluded_Packages Name="$(BDSBIN)\dcloffice2k190.bpl">Microsoft Office 2000 Sample Automation Server Wrapper Components</Excluded_Packages>
                    <Excluded_Packages Name="$(BDSBIN)\dclofficexp190.bpl">Microsoft Office XP Sample Automation Server Wrapper Components</Excluded_Packages>
                </Excluded_Packages>
            </Delphi.Personality>
            <Platforms>
                <Platform value="Win32">True</Platform>
                <Platform value="Win64">True</Platform>
            </Platforms>
        </BorlandProject>
        <ProjectFileVersion>12</ProjectFileVersion>
    </ProjectExtensions>
</Project>
