<Project xmlns="http://schemas.microsoft.com/developer/msbuild/2003">
    <PropertyGroup>
        <ProjectGuid>{BDF08E95-9850-4BF0-98F7-173D8BFAD526}</ProjectGuid>
        <ProjectVersion>15.3</ProjectVersion>
        <MainSource>HistoryToDBViewer.dpr</MainSource>
        <Base>True</Base>
        <Config Condition="'$(Config)'==''">Release</Config>
        <AppType>Application</AppType>
        <FrameworkType>VCL</FrameworkType>
        <DCC_DCCCompiler>DCC32</DCC_DCCCompiler>
        <Platform Condition="'$(Platform)'==''">Win32</Platform>
        <TargetedPlatforms>3</TargetedPlatforms>
    </PropertyGroup>
    <PropertyGroup Condition="'$(Config)'=='Base' or '$(Base)'!=''">
        <Base>true</Base>
    </PropertyGroup>
    <PropertyGroup Condition="('$(Platform)'=='Win32' and '$(Base)'=='true') or '$(Base_Win32)'!=''">
        <Base_Win32>true</Base_Win32>
        <CfgParent>Base</CfgParent>
        <Base>true</Base>
    </PropertyGroup>
    <PropertyGroup Condition="('$(Platform)'=='Win64' and '$(Base)'=='true') or '$(Base_Win64)'!=''">
        <Base_Win64>true</Base_Win64>
        <CfgParent>Base</CfgParent>
        <Base>true</Base>
    </PropertyGroup>
    <PropertyGroup Condition="'$(Config)'=='Debug' or '$(Cfg_1)'!=''">
        <Cfg_1>true</Cfg_1>
        <CfgParent>Base</CfgParent>
        <Base>true</Base>
    </PropertyGroup>
    <PropertyGroup Condition="'$(Config)'=='Release' or '$(Cfg_2)'!=''">
        <Cfg_2>true</Cfg_2>
        <CfgParent>Base</CfgParent>
        <Base>true</Base>
    </PropertyGroup>
    <PropertyGroup Condition="('$(Platform)'=='Win32' and '$(Cfg_2)'=='true') or '$(Cfg_2_Win32)'!=''">
        <Cfg_2_Win32>true</Cfg_2_Win32>
        <CfgParent>Cfg_2</CfgParent>
        <Cfg_2>true</Cfg_2>
        <Base>true</Base>
    </PropertyGroup>
    <PropertyGroup Condition="('$(Platform)'=='Win64' and '$(Cfg_2)'=='true') or '$(Cfg_2_Win64)'!=''">
        <Cfg_2_Win64>true</Cfg_2_Win64>
        <CfgParent>Cfg_2</CfgParent>
        <Cfg_2>true</Cfg_2>
        <Base>true</Base>
    </PropertyGroup>
    <PropertyGroup Condition="'$(Base)'!=''">
        <VerInfo_IncludeVerInfo>true</VerInfo_IncludeVerInfo>
        <VerInfo_AutoGenVersion>true</VerInfo_AutoGenVersion>
        <VerInfo_MajorVer>2</VerInfo_MajorVer>
        <VerInfo_MinorVer>4</VerInfo_MinorVer>
        <DCC_Namespace>Vcl;Vcl.Imaging;Vcl.Touch;Vcl.Samples;Vcl.Shell;System;Xml;Data;Datasnap;Web;Soap;Winapi;System.Win;$(DCC_Namespace)</DCC_Namespace>
        <VerInfo_Build>13</VerInfo_Build>
        <VerInfo_Locale>1049</VerInfo_Locale>
        <VerInfo_Keys>CompanyName=http://www.im-history.ru;FileDescription=HistoryToDBViewer;FileVersion=2.4.0.13;InternalName=HistoryToDBViewer;LegalCopyright=Michael Grigorev;LegalTrademarks=http://www.im-history.ru;OriginalFilename=HistoryToDBViewer.exe;ProductName=HistoryToDBViewer;ProductVersion=2.4.0.0;Comments=http://www.im-history.ru</VerInfo_Keys>
        <DCC_DependencyCheckOutputName>HistoryToDBViewer.exe</DCC_DependencyCheckOutputName>
        <DCC_UsePackage>rtl;vcl;vclx;vclactnband;xmlrtl;VclSmp;vclimg;svnui;svn;bdertl;TeeUI;TeeDB;Tee;vcldb;dbrtl;vcldbx;vcltouch;dsnap;dsnapcon;vclib;ibxpress;adortl;IndyCore;IndySystem;IndyProtocols;inet;intrawebdb_110_150;Intraweb_110_150;vclie;websnap;webdsnap;inetdb;inetdbbde;inetdbxpress;soaprtl;vclribbon;dbexpress;DbxCommonDriver;DataSnapIndy10ServerTransport;DataSnapProviderClient;DbxClientDriver;DataSnapClient;dbxcds;DataSnapServer;AzureCloud;DBXInterBaseDriver;DBXMySQLDriver;DBXFirebirdDriver;DBXSybaseASEDriver;DBXSybaseASADriver;DBXOracleDriver;DBXMSSQLDriver;DBXInformixDriver;DBXDb2Driver;OverbyteIcsDXeRun;VirtualTreesD14;FlatStyle_D5;TP_LockBox3;rxctl;rxdb;rxbde;EmbeddedWebBrowser_XE;FatThings;acntDelphiXE_R;AlphaDBDelphiXE;JclDeveloperTools;Jcl;JclVcl;JclContainers;JvCore;JvSystem;JvStdCtrls;JvAppFrm;JvBands;JvDB;JvDlgs;JvBDE;JvControls;JvCmp;JvCrypt;JvCustom;JvDocking;JvDotNetCtrls;JvGlobus;JvHMI;JvJans;JvManagedThreads;JvMM;JvNet;JvPageComps;JvPascalInterpreter;JvPluginSystem;JvPrintPreview;JvRuntimeDesign;JvTimeFramework;JvWizards;JvXPCtrls;ZComponent;ZDbc;ZPlain;ZCore;ZParseSql;CamRemoteDXE;dacvcl150;dac150;tmsd2011;tmsxlsd2011;tmswizd2011;tmsexd2011;unidacvcl150;unidac150;sbridge150;indy10sbridge150;PngComponents;CoolTrayIcon_D15;TntUnicodeD2011;HistGrid_XE;$(DCC_UsePackage)</DCC_UsePackage>
        <DCC_ImageBase>00400000</DCC_ImageBase>
    </PropertyGroup>
    <PropertyGroup Condition="'$(Base_Win32)'!=''">
        <Manifest_File>$(BDS)\bin\default_app.manifest</Manifest_File>
        <Icon_MainIcon>HistoryToDBViewer_Icon.ico</Icon_MainIcon>
        <VerInfo_IncludeVerInfo>true</VerInfo_IncludeVerInfo>
        <DCC_Namespace>Data.Win;Datasnap.Win;Web.Win;Soap.Win;Xml.Win;Bde;$(DCC_Namespace)</DCC_Namespace>
        <VerInfo_Locale>1033</VerInfo_Locale>
        <VerInfo_Keys>CompanyName=;FileDescription=;FileVersion=1.0.0.0;InternalName=;LegalCopyright=;LegalTrademarks=;OriginalFilename=;ProductName=;ProductVersion=1.0.0.0;Comments=</VerInfo_Keys>
        <Debugger_LoadAllSymbols>false</Debugger_LoadAllSymbols>
    </PropertyGroup>
    <PropertyGroup Condition="'$(Base_Win64)'!=''">
        <Manifest_File>$(BDS)\bin\default_app.manifest</Manifest_File>
        <Icon_MainIcon>HistoryToDBViewer_Icon.ico</Icon_MainIcon>
        <DCC_Namespace>Data.Win;Datasnap.Win;Web.Win;Soap.Win;Xml.Win;$(DCC_Namespace)</DCC_Namespace>
        <VerInfo_Locale>1033</VerInfo_Locale>
        <VerInfo_Keys>CompanyName=;FileDescription=;FileVersion=1.0.0.0;InternalName=;LegalCopyright=;LegalTrademarks=;OriginalFilename=;ProductName=;ProductVersion=1.0.0.0;Comments=</VerInfo_Keys>
    </PropertyGroup>
    <PropertyGroup Condition="'$(Cfg_1)'!=''">
        <DCC_Define>DEBUG;$(DCC_Define)</DCC_Define>
        <DCC_Optimize>false</DCC_Optimize>
        <DCC_GenerateStackFrames>true</DCC_GenerateStackFrames>
    </PropertyGroup>
    <PropertyGroup Condition="'$(Cfg_2)'!=''">
        <DCC_DebugInformation>0</DCC_DebugInformation>
        <DCC_IOChecking>false</DCC_IOChecking>
        <DCC_AssertionsAtRuntime>false</DCC_AssertionsAtRuntime>
        <DCC_LocalDebugSymbols>false</DCC_LocalDebugSymbols>
        <DCC_Define>RELEASE;$(DCC_Define)</DCC_Define>
        <DCC_SymbolReferenceInfo>0</DCC_SymbolReferenceInfo>
    </PropertyGroup>
    <PropertyGroup Condition="'$(Cfg_2_Win32)'!=''">
        <VerInfo_AutoGenVersion>false</VerInfo_AutoGenVersion>
        <VerInfo_AutoIncVersion>true</VerInfo_AutoIncVersion>
        <DCC_LocalDebugSymbols>true</DCC_LocalDebugSymbols>
        <DCC_DebugInformation>true</DCC_DebugInformation>
        <DCC_MapFile>3</DCC_MapFile>
        <DCC_Define>madExcept;$(DCC_Define)</DCC_Define>
        <DCC_DcuOutput>.\$(Platform)\$(Config)</DCC_DcuOutput>
        <VerInfo_MinorVer>6</VerInfo_MinorVer>
        <DCC_ExeOutput>.\$(Platform)\$(Config)</DCC_ExeOutput>
        <VerInfo_Locale>1033</VerInfo_Locale>
        <VerInfo_Build>0</VerInfo_Build>
        <VerInfo_Keys>CompanyName=http://www.im-history.ru;FileDescription=HistoryToDBViewer;FileVersion=2.6.0.0;InternalName=HistoryToDBViewer;LegalCopyright=Michael Grigorev;LegalTrademarks=http://www.im-history.ru;OriginalFilename=HistoryToDBViewer.exe;ProductName=HistoryToDBViewer;ProductVersion=2.6.0.0;Comments=http://www.im-history.ru</VerInfo_Keys>
    </PropertyGroup>
    <PropertyGroup Condition="'$(Cfg_2_Win64)'!=''">
        <VerInfo_AutoGenVersion>false</VerInfo_AutoGenVersion>
        <VerInfo_AutoIncVersion>true</VerInfo_AutoIncVersion>
        <DCC_LocalDebugSymbols>true</DCC_LocalDebugSymbols>
        <DCC_DebugInformation>true</DCC_DebugInformation>
        <DCC_MapFile>3</DCC_MapFile>
        <DCC_Define>madExcept;$(DCC_Define)</DCC_Define>
        <DCC_DcuOutput>.\$(Platform)\$(Config)</DCC_DcuOutput>
        <VerInfo_MinorVer>6</VerInfo_MinorVer>
        <DCC_ExeOutput>.\$(Platform)\$(Config)</DCC_ExeOutput>
        <VerInfo_Locale>1033</VerInfo_Locale>
        <VerInfo_Build>0</VerInfo_Build>
        <VerInfo_Keys>CompanyName=http://www.im-history.ru;FileDescription=HistoryToDBViewer;FileVersion=2.6.0.0;InternalName=HistoryToDBViewer;LegalCopyright=Michael Grigorev;LegalTrademarks=http://www.im-history.ru;OriginalFilename=HistoryToDBViewer.exe;ProductName=HistoryToDBViewer;ProductVersion=2.6.0.0;Comments=http://www.im-history.ru</VerInfo_Keys>
    </PropertyGroup>
    <ItemGroup>
        <DelphiCompile Include="$(MainSource)">
            <MainSource>MainSource</MainSource>
        </DelphiCompile>
        <DCCReference Include="Global.pas"/>
        <DCCReference Include="Main.pas">
            <Form>MainForm</Form>
        </DCCReference>
        <DCCReference Include="Settings.pas">
            <Form>SettingsForm</Form>
        </DCCReference>
        <DCCReference Include="KeyPasswd.pas">
            <Form>KeyPasswdForm</Form>
        </DCCReference>
        <BuildConfiguration Include="Release">
            <Key>Cfg_2</Key>
            <CfgParent>Base</CfgParent>
        </BuildConfiguration>
        <BuildConfiguration Include="Base">
            <Key>Base</Key>
        </BuildConfiguration>
        <BuildConfiguration Include="Debug">
            <Key>Cfg_1</Key>
            <CfgParent>Base</CfgParent>
        </BuildConfiguration>
    </ItemGroup>
    <Import Condition="Exists('$(BDS)\Bin\CodeGear.Delphi.Targets')" Project="$(BDS)\Bin\CodeGear.Delphi.Targets"/>
    <Import Condition="Exists('$(APPDATA)\Embarcadero\$(BDSAPPDATABASEDIR)\$(PRODUCTVERSION)\UserTools.proj')" Project="$(APPDATA)\Embarcadero\$(BDSAPPDATABASEDIR)\$(PRODUCTVERSION)\UserTools.proj"/>
    <ProjectExtensions>
        <Borland.Personality>Delphi.Personality.12</Borland.Personality>
        <Borland.ProjectType/>
        <BorlandProject>
            <Delphi.Personality>
                <VersionInfo>
                    <VersionInfo Name="IncludeVerInfo">True</VersionInfo>
                    <VersionInfo Name="AutoIncBuild">True</VersionInfo>
                    <VersionInfo Name="MajorVer">2</VersionInfo>
                    <VersionInfo Name="MinorVer">4</VersionInfo>
                    <VersionInfo Name="Release">0</VersionInfo>
                    <VersionInfo Name="Build">13</VersionInfo>
                    <VersionInfo Name="Debug">False</VersionInfo>
                    <VersionInfo Name="PreRelease">False</VersionInfo>
                    <VersionInfo Name="Special">False</VersionInfo>
                    <VersionInfo Name="Private">False</VersionInfo>
                    <VersionInfo Name="DLL">False</VersionInfo>
                    <VersionInfo Name="Locale">1049</VersionInfo>
                    <VersionInfo Name="CodePage">1251</VersionInfo>
                </VersionInfo>
                <VersionInfoKeys>
                    <VersionInfoKeys Name="CompanyName">http://www.im-history.ru</VersionInfoKeys>
                    <VersionInfoKeys Name="FileDescription">HistoryToDBViewer</VersionInfoKeys>
                    <VersionInfoKeys Name="FileVersion">2.4.0.13</VersionInfoKeys>
                    <VersionInfoKeys Name="InternalName">HistoryToDBViewer</VersionInfoKeys>
                    <VersionInfoKeys Name="LegalCopyright">Michael Grigorev</VersionInfoKeys>
                    <VersionInfoKeys Name="LegalTrademarks">http://www.im-history.ru</VersionInfoKeys>
                    <VersionInfoKeys Name="OriginalFilename">HistoryToDBViewer.exe</VersionInfoKeys>
                    <VersionInfoKeys Name="ProductName">HistoryToDBViewer</VersionInfoKeys>
                    <VersionInfoKeys Name="ProductVersion">2.4.0.0</VersionInfoKeys>
                    <VersionInfoKeys Name="Comments">http://www.im-history.ru</VersionInfoKeys>
                </VersionInfoKeys>
                <Excluded_Packages>
                    <Excluded_Packages Name="$(BDSBIN)\dcloffice2k190.bpl">Microsoft Office 2000 Sample Automation Server Wrapper Components</Excluded_Packages>
                    <Excluded_Packages Name="$(BDSBIN)\dclofficexp190.bpl">Microsoft Office XP Sample Automation Server Wrapper Components</Excluded_Packages>
                </Excluded_Packages>
                <Source>
                    <Source Name="MainSource">HistoryToDBViewer.dpr</Source>
                </Source>
                <Parameters>
                    <Parameters Name="LoadAllSymbols">False</Parameters>
                </Parameters>
            </Delphi.Personality>
            <Platforms>
                <Platform value="Win32">True</Platform>
                <Platform value="Win64">True</Platform>
            </Platforms>
            <ModelSupport>False</ModelSupport>
        </BorlandProject>
        <ProjectFileVersion>12</ProjectFileVersion>
    </ProjectExtensions>
</Project>
