<Project xmlns="http://schemas.microsoft.com/developer/msbuild/2003">
    <PropertyGroup>
        <ProjectGuid>{E69B7AEB-9B0F-45CB-A345-314CBE1E2449}</ProjectGuid>
        <MainSource>MirandaHistoryToDB.dpr</MainSource>
        <Base>True</Base>
        <Config Condition="'$(Config)'==''">Release</Config>
        <AppType>Library</AppType>
        <FrameworkType>None</FrameworkType>
        <DCC_DCCCompiler>DCC32</DCC_DCCCompiler>
        <ProjectVersion>14.3</ProjectVersion>
        <Platform Condition="'$(Platform)'==''">Win64</Platform>
        <TargetedPlatforms>3</TargetedPlatforms>
    </PropertyGroup>
    <PropertyGroup Condition="'$(Config)'=='Base' or '$(Base)'!=''">
        <Base>true</Base>
    </PropertyGroup>
    <PropertyGroup Condition="('$(Platform)'=='Win32' and '$(Base)'=='true') or '$(Base_Win32)'!=''">
        <Base_Win32>true</Base_Win32>
        <CfgParent>Base</CfgParent>
        <Base>true</Base>
    </PropertyGroup>
    <PropertyGroup Condition="('$(Platform)'=='Win64' and '$(Base)'=='true') or '$(Base_Win64)'!=''">
        <Base_Win64>true</Base_Win64>
        <CfgParent>Base</CfgParent>
        <Base>true</Base>
    </PropertyGroup>
    <PropertyGroup Condition="'$(Config)'=='Release' or '$(Cfg_1)'!=''">
        <Cfg_1>true</Cfg_1>
        <CfgParent>Base</CfgParent>
        <Base>true</Base>
    </PropertyGroup>
    <PropertyGroup Condition="('$(Platform)'=='Win32' and '$(Cfg_1)'=='true') or '$(Cfg_1_Win32)'!=''">
        <Cfg_1_Win32>true</Cfg_1_Win32>
        <CfgParent>Cfg_1</CfgParent>
        <Cfg_1>true</Cfg_1>
        <Base>true</Base>
    </PropertyGroup>
    <PropertyGroup Condition="('$(Platform)'=='Win64' and '$(Cfg_1)'=='true') or '$(Cfg_1_Win64)'!=''">
        <Cfg_1_Win64>true</Cfg_1_Win64>
        <CfgParent>Cfg_1</CfgParent>
        <Cfg_1>true</Cfg_1>
        <Base>true</Base>
    </PropertyGroup>
    <PropertyGroup Condition="'$(Config)'=='Debug' or '$(Cfg_2)'!=''">
        <Cfg_2>true</Cfg_2>
        <CfgParent>Base</CfgParent>
        <Base>true</Base>
    </PropertyGroup>
    <PropertyGroup Condition="'$(Base)'!=''">
        <VerInfo_Locale>1049</VerInfo_Locale>
        <VerInfo_Keys>CompanyName=;FileDescription=;FileVersion=1.0.0.0;InternalName=;LegalCopyright=;LegalTrademarks=;OriginalFilename=;ProductName=;ProductVersion=1.0.0.0;Comments=</VerInfo_Keys>
        <DCC_Namespace>System;Xml;Data;Datasnap;Web;Soap;Winapi;Vcl;$(DCC_Namespace)</DCC_Namespace>
        <DCC_E>false</DCC_E>
        <DCC_F>false</DCC_F>
        <DCC_ImageBase>00400000</DCC_ImageBase>
        <DCC_S>false</DCC_S>
        <GenDll>true</GenDll>
        <DCC_K>false</DCC_K>
        <DCC_N>false</DCC_N>
    </PropertyGroup>
    <PropertyGroup Condition="'$(Base_Win32)'!=''">
        <VerInfo_Locale>1033</VerInfo_Locale>
        <Debugger_HostApplication>C:\Program Files\QIP Infium\infium.exe</Debugger_HostApplication>
        <DCC_Namespace>System.Win;Data.Win;Datasnap.Win;Web.Win;Soap.Win;Xml.Win;Bde;$(DCC_Namespace)</DCC_Namespace>
        <Debugger_DebugSourcePath>C:\Program Files\QIP Infium\;$(Debugger_DebugSourcePath)</Debugger_DebugSourcePath>
        <VerInfo_IncludeVerInfo>true</VerInfo_IncludeVerInfo>
        <Debugger_CWD>C:\Program Files\QIP Infium\</Debugger_CWD>
    </PropertyGroup>
    <PropertyGroup Condition="'$(Base_Win64)'!=''">
        <DCC_Namespace>System.Win;Data.Win;Datasnap.Win;Web.Win;Soap.Win;Xml.Win;$(DCC_Namespace)</DCC_Namespace>
        <VerInfo_Locale>1033</VerInfo_Locale>
        <VerInfo_IncludeVerInfo>true</VerInfo_IncludeVerInfo>
    </PropertyGroup>
    <PropertyGroup Condition="'$(Cfg_1)'!=''">
        <DCC_DebugInformation>false</DCC_DebugInformation>
        <DCC_IOChecking>false</DCC_IOChecking>
        <DCC_AssertionsAtRuntime>false</DCC_AssertionsAtRuntime>
        <DCC_UnitSearchPath>.\SDK;$(DCC_UnitSearchPath)</DCC_UnitSearchPath>
        <DCC_LocalDebugSymbols>false</DCC_LocalDebugSymbols>
        <DCC_Define>RELEASE;$(DCC_Define)</DCC_Define>
        <DCC_SymbolReferenceInfo>0</DCC_SymbolReferenceInfo>
    </PropertyGroup>
    <PropertyGroup Condition="'$(Cfg_1_Win32)'!=''">
        <DCC_DcuOutput>.\x86</DCC_DcuOutput>
        <DCC_ExeOutput>.\x86</DCC_ExeOutput>
        <Manifest_File>None</Manifest_File>
        <VerInfo_IncludeVerInfo>true</VerInfo_IncludeVerInfo>
        <VerInfo_Locale>1033</VerInfo_Locale>
    </PropertyGroup>
    <PropertyGroup Condition="'$(Cfg_1_Win64)'!=''">
        <DCC_DcuOutput>.\x64</DCC_DcuOutput>
        <DCC_ExeOutput>.\x64</DCC_ExeOutput>
        <Manifest_File>None</Manifest_File>
        <VerInfo_IncludeVerInfo>true</VerInfo_IncludeVerInfo>
        <VerInfo_Locale>1033</VerInfo_Locale>
    </PropertyGroup>
    <PropertyGroup Condition="'$(Cfg_2)'!=''">
        <DCC_MapFile>3</DCC_MapFile>
        <DCC_Define>DEBUG;$(DCC_Define)</DCC_Define>
        <DCC_Optimize>false</DCC_Optimize>
        <DCC_GenerateStackFrames>true</DCC_GenerateStackFrames>
    </PropertyGroup>
    <ItemGroup>
        <DelphiCompile Include="$(MainSource)">
            <MainSource>MainSource</MainSource>
        </DelphiCompile>
        <DCCReference Include="Contacts.pas"/>
        <DCCReference Include="Database.pas"/>
        <DCCReference Include="Menu.pas"/>
        <DCCReference Include="About.pas"/>
        <DCCReference Include="MsgExport.pas">
            <Form>ExportForm</Form>
        </DCCReference>
        <DCCReference Include="Global.pas"/>
        <DCCReference Include="FSMonitor.pas"/>
        <DCCReference Include="MapStream.pas"/>
        <BuildConfiguration Include="Debug">
            <Key>Cfg_2</Key>
            <CfgParent>Base</CfgParent>
        </BuildConfiguration>
        <BuildConfiguration Include="Base">
            <Key>Base</Key>
        </BuildConfiguration>
        <BuildConfiguration Include="Release">
            <Key>Cfg_1</Key>
            <CfgParent>Base</CfgParent>
        </BuildConfiguration>
    </ItemGroup>
    <Import Project="$(BDS)\Bin\CodeGear.Delphi.Targets" Condition="Exists('$(BDS)\Bin\CodeGear.Delphi.Targets')"/>
    <Import Project="$(APPDATA)\Embarcadero\$(BDSAPPDATABASEDIR)\$(PRODUCTVERSION)\UserTools.proj" Condition="Exists('$(APPDATA)\Embarcadero\$(BDSAPPDATABASEDIR)\$(PRODUCTVERSION)\UserTools.proj')"/>
    <ProjectExtensions>
        <Borland.Personality>Delphi.Personality.12</Borland.Personality>
        <Borland.ProjectType>VCLApplication</Borland.ProjectType>
        <BorlandProject>
            <Delphi.Personality>
                <Source>
                    <Source Name="MainSource">MirandaHistoryToDB.dpr</Source>
                </Source>
                <VersionInfo>
                    <VersionInfo Name="IncludeVerInfo">False</VersionInfo>
                    <VersionInfo Name="AutoIncBuild">False</VersionInfo>
                    <VersionInfo Name="MajorVer">1</VersionInfo>
                    <VersionInfo Name="MinorVer">0</VersionInfo>
                    <VersionInfo Name="Release">0</VersionInfo>
                    <VersionInfo Name="Build">0</VersionInfo>
                    <VersionInfo Name="Debug">False</VersionInfo>
                    <VersionInfo Name="PreRelease">False</VersionInfo>
                    <VersionInfo Name="Special">False</VersionInfo>
                    <VersionInfo Name="Private">False</VersionInfo>
                    <VersionInfo Name="DLL">False</VersionInfo>
                    <VersionInfo Name="Locale">1049</VersionInfo>
                    <VersionInfo Name="CodePage">1251</VersionInfo>
                </VersionInfo>
                <VersionInfoKeys>
                    <VersionInfoKeys Name="CompanyName"/>
                    <VersionInfoKeys Name="FileDescription"/>
                    <VersionInfoKeys Name="FileVersion">1.0.0.0</VersionInfoKeys>
                    <VersionInfoKeys Name="InternalName"/>
                    <VersionInfoKeys Name="LegalCopyright"/>
                    <VersionInfoKeys Name="LegalTrademarks"/>
                    <VersionInfoKeys Name="OriginalFilename"/>
                    <VersionInfoKeys Name="ProductName"/>
                    <VersionInfoKeys Name="ProductVersion">1.0.0.0</VersionInfoKeys>
                    <VersionInfoKeys Name="Comments"/>
                </VersionInfoKeys>
                <Parameters>
                    <Parameters Name="HostApplication">C:\Program Files\QIP Infium\infium.exe</Parameters>
                    <Parameters Name="DebugSourceDirs">C:\Program Files\QIP Infium\</Parameters>
                    <Parameters Name="DebugCWD">C:\Program Files\QIP Infium\</Parameters>
                </Parameters>
                <Excluded_Packages>
                    <Excluded_Packages Name="$(BDSBIN)\dcloffice2k170.bpl">Microsoft Office 2000 Sample Automation Server Wrapper Components</Excluded_Packages>
                    <Excluded_Packages Name="$(BDSBIN)\dclofficexp170.bpl">Microsoft Office XP Sample Automation Server Wrapper Components</Excluded_Packages>
                    <Excluded_Packages Name="C:\Documents and Settings\All Users\My Documents\RAD Studio\10.0\Bpl\JclFavoriteFoldersExpert170.bpl">JCL Open and Save IDE dialogs with favorite folders</Excluded_Packages>
                    <Excluded_Packages Name="C:\Documents and Settings\All Users\My Documents\RAD Studio\10.0\Bpl\JclRepositoryExpert170.bpl">JCL Package containing repository wizards</Excluded_Packages>
                    <Excluded_Packages Name="C:\Documents and Settings\All Users\My Documents\RAD Studio\10.0\Bpl\JclSIMDViewExpert170.bpl">JCL Debug Window of XMM registers</Excluded_Packages>
                    <Excluded_Packages Name="C:\Documents and Settings\All Users\My Documents\RAD Studio\10.0\Bpl\JclStackTraceViewerExpert170.bpl">JCL Stack Trace Viewer</Excluded_Packages>
                    <Excluded_Packages Name="C:\Documents and Settings\All Users\Документы\RAD Studio\10.0\Bpl\JvAppFrmDesign170.bpl">JVCL Application and Form Components</Excluded_Packages>
                    <Excluded_Packages Name="C:\Documents and Settings\All Users\Документы\RAD Studio\10.0\Bpl\JvBandsDesign170.bpl">JVCL Band Objects</Excluded_Packages>
                    <Excluded_Packages Name="C:\Documents and Settings\All Users\Документы\RAD Studio\10.0\Bpl\JvBDEDesign170.bpl">JVCL BDE Components</Excluded_Packages>
                    <Excluded_Packages Name="C:\Documents and Settings\All Users\Документы\RAD Studio\10.0\Bpl\JvCmpDesign170.bpl">JVCL Non-Visual Components</Excluded_Packages>
                    <Excluded_Packages Name="C:\Documents and Settings\All Users\Документы\RAD Studio\10.0\Bpl\JvControlsDesign170.bpl">JVCL Visual Controls</Excluded_Packages>
                    <Excluded_Packages Name="C:\Documents and Settings\All Users\Документы\RAD Studio\10.0\Bpl\JvCryptDesign170.bpl">JVCL Encryption and Compression</Excluded_Packages>
                    <Excluded_Packages Name="C:\Documents and Settings\All Users\Документы\RAD Studio\10.0\Bpl\JvCustomDesign170.bpl">JVCL Custom Controls</Excluded_Packages>
                    <Excluded_Packages Name="C:\Documents and Settings\All Users\Документы\RAD Studio\10.0\Bpl\JvDBDesign170.bpl">JVCL Database Components</Excluded_Packages>
                    <Excluded_Packages Name="C:\Documents and Settings\All Users\Документы\RAD Studio\10.0\Bpl\JvDlgsDesign170.bpl">JVCL Dialog Components</Excluded_Packages>
                    <Excluded_Packages Name="C:\Documents and Settings\All Users\Документы\RAD Studio\10.0\Bpl\JvDockingDesign170.bpl">JVCL Docking Components</Excluded_Packages>
                    <Excluded_Packages Name="C:\Documents and Settings\All Users\Документы\RAD Studio\10.0\Bpl\JvDotNetCtrlsDesign170.bpl">JVCL DotNet Controls</Excluded_Packages>
                    <Excluded_Packages Name="C:\Documents and Settings\All Users\Документы\RAD Studio\10.0\Bpl\JvGlobusDesign170.bpl">JVCL Globus Components</Excluded_Packages>
                    <Excluded_Packages Name="C:\Documents and Settings\All Users\Документы\RAD Studio\10.0\Bpl\JvHMIDesign170.bpl">JVCL HMI Controls</Excluded_Packages>
                    <Excluded_Packages Name="C:\Documents and Settings\All Users\Документы\RAD Studio\10.0\Bpl\JvJansDesign170.bpl">JVCL Jans Components</Excluded_Packages>
                    <Excluded_Packages Name="C:\Documents and Settings\All Users\Документы\RAD Studio\10.0\Bpl\JvManagedThreadsDesign170.bpl">JVCL Managed Threads</Excluded_Packages>
                    <Excluded_Packages Name="C:\Documents and Settings\All Users\Документы\RAD Studio\10.0\Bpl\JvMMDesign170.bpl">JVCL Multimedia and Image Components</Excluded_Packages>
                    <Excluded_Packages Name="C:\Documents and Settings\All Users\Документы\RAD Studio\10.0\Bpl\JvNetDesign170.bpl">JVCL Network Components</Excluded_Packages>
                    <Excluded_Packages Name="C:\Documents and Settings\All Users\Документы\RAD Studio\10.0\Bpl\JvPageCompsDesign170.bpl">JVCL Page Style Components</Excluded_Packages>
                    <Excluded_Packages Name="C:\Documents and Settings\All Users\Документы\RAD Studio\10.0\Bpl\JvPascalInterpreterDesign170.bpl">JVCL Interpreter Components</Excluded_Packages>
                </Excluded_Packages>
            </Delphi.Personality>
            <Platforms>
                <Platform value="OSX32">False</Platform>
                <Platform value="Win32">True</Platform>
                <Platform value="Win64">True</Platform>
            </Platforms>
        </BorlandProject>
        <ProjectFileVersion>12</ProjectFileVersion>
    </ProjectExtensions>
</Project>
